
Microsoft Visual Studio Solution File, Format Version 12.00
# Visual Studio 15
Project("{FAE04EC0-301F-11D3-BF4B-00C04F79EFBC}") = "Assembly-CSharp", "Assembly-CSharp.csproj", "{F31AD211-22AA-CA62-A8B6-2D6D96357A14}"
EndProject
Project("{FAE04EC0-301F-11D3-BF4B-00C04F79EFBC}") = "VuforiaScripts", "VuforiaScripts.csproj", "{A1AE480B-D004-1E61-C138-96D8E853015C}"
EndProject
Project("{FAE04EC0-301F-11D3-BF4B-00C04F79EFBC}") = "VuforiaEditorScripts", "VuforiaEditorScripts.csproj", "{ED1C5E6C-758B-50E7-9E46-ADCB0C2E0856}"
EndProject
Global
	GlobalSection(SolutionConfigurationPlatforms) = preSolution
		Debug|Any CPU = Debug|Any CPU
		Release|Any CPU = Release|Any CPU
	EndGlobalSection
	GlobalSection(ProjectConfigurationPlatforms) = postSolution
		{F31AD211-22AA-CA62-A8B6-2D6D96357A14}.Debug|Any CPU.ActiveCfg = Debug|Any CPU
		{F31AD211-22AA-CA62-A8B6-2D6D96357A14}.Debug|Any CPU.Build.0 = Debug|Any CPU
		{F31AD211-22AA-CA62-A8B6-2D6D96357A14}.Release|Any CPU.ActiveCfg = Release|Any CPU
		{F31AD211-22AA-CA62-A8B6-2D6D96357A14}.Release|Any CPU.Build.0 = Release|Any CPU
		{A1AE480B-D004-1E61-C138-96D8E853015C}.Debug|Any CPU.ActiveCfg = Debug|Any CPU
		{A1AE480B-D004-1E61-C138-96D8E853015C}.Debug|Any CPU.Build.0 = Debug|Any CPU
		{A1AE480B-D004-1E61-C138-96D8E853015C}.Release|Any CPU.ActiveCfg = Release|Any CPU
		{A1AE480B-D004-1E61-C138-96D8E853015C}.Release|Any CPU.Build.0 = Release|Any CPU
		{ED1C5E6C-758B-50E7-9E46-ADCB0C2E0856}.Debug|Any CPU.ActiveCfg = Debug|Any CPU
		{ED1C5E6C-758B-50E7-9E46-ADCB0C2E0856}.Debug|Any CPU.Build.0 = Debug|Any CPU
		{ED1C5E6C-758B-50E7-9E46-ADCB0C2E0856}.Release|Any CPU.ActiveCfg = Release|Any CPU
		{ED1C5E6C-758B-50E7-9E46-ADCB0C2E0856}.Release|Any CPU.Build.0 = Release|Any CPU
	EndGlobalSection
	GlobalSection(SolutionProperties) = preSolution
		HideSolutionNode = FALSE
	EndGlobalSection
EndGlobal
